github.com/rs/cors v1.11.0 h1:0B9GE/r9Bc2UxRMMtymBkHTenPkHDv0CW4Y98GBY+po=
github.com/rs/cors v1.11.0/go.mod h1:XyqrcTp5zjWr1wsJ8PIRZssZ8b/WMcMf71DJnit4EMU=
github.com/sa-/slicefunk v0.1.4 h1:fCgDllo0nYVywdREyJm53BQ5rfMW8pin57yNVpyPxNU=
github.com/sa-/slicefunk v0.1.4/go.mod h1:k0abNpV9EW8LIPl2+Hc9RiKsojKmsUhNNGFyMpjMTCI=
